// !$*UTF8*$!
{
	archiveVersion = 1;
	classes = {
	};
	objectVersion = 46;
	objects = {

/* Begin PBXBuildFile section */
		A5ACC6481A91F90B002FCC75 /* PongV2Tests.swift in Sources */ = {isa = PBXBuildFile; fileRef = A5ACC6471A91F90B002FCC75 /* PongV2Tests.swift */; };
		A5ACC65F1A91F971002FCC75 /* AppDelegate.swift in Sources */ = {isa = PBXBuildFile; fileRef = A5ACC6511A91F971002FCC75 /* AppDelegate.swift */; };
		A5ACC6601A91F971002FCC75 /* Ball.swift in Sources */ = {isa = PBXBuildFile; fileRef = A5ACC6521A91F971002FCC75 /* Ball.swift */; };
		A5ACC6611A91F971002FCC75 /* enumDirection.swift in Sources */ = {isa = PBXBuildFile; fileRef = A5ACC6531A91F971002FCC75 /* enumDirection.swift */; };
		A5ACC6621A91F971002FCC75 /* GameScene.swift in Sources */ = {isa = PBXBuildFile; fileRef = A5ACC6541A91F971002FCC75 /* GameScene.swift */; };
		A5ACC6631A91F971002FCC75 /* GameViewController.swift in Sources */ = {isa = PBXBuildFile; fileRef = A5ACC6551A91F971002FCC75 /* GameViewController.swift */; };
		A5ACC6641A91F971002FCC75 /* model.swift in Sources */ = {isa = PBXBuildFile; fileRef = A5ACC6561A91F971002FCC75 /* model.swift */; };
		A5ACC6651A91F971002FCC75 /* Paddle.swift in Sources */ = {isa = PBXBuildFile; fileRef = A5ACC6571A91F971002FCC75 /* Paddle.swift */; };
		A5ACC6661A91F971002FCC75 /* ScoreLabel.swift in Sources */ = {isa = PBXBuildFile; fileRef = A5ACC6581A91F971002FCC75 /* ScoreLabel.swift */; };
		A5ACC6671A91F971002FCC75 /* structPhysicsCategory.swift in Sources */ = {isa = PBXBuildFile; fileRef = A5ACC6591A91F971002FCC75 /* structPhysicsCategory.swift */; };
		A5ACC6681A91F971002FCC75 /* WallHorizontal.swift in Sources */ = {isa = PBXBuildFile; fileRef = A5ACC65A1A91F971002FCC75 /* WallHorizontal.swift */; };
		A5ACC6691A91F971002FCC75 /* WallVertical.swift in Sources */ = {isa = PBXBuildFile; fileRef = A5ACC65B1A91F971002FCC75 /* WallVertical.swift */; };
		A5ACC66A1A91F971002FCC75 /* Main.storyboard in Resources */ = {isa = PBXBuildFile; fileRef = A5ACC65C1A91F971002FCC75 /* Main.storyboard */; };
		A5ACC66B1A91F971002FCC75 /* Images.xcassets in Resources */ = {isa = PBXBuildFile; fileRef = A5ACC65D1A91F971002FCC75 /* Images.xcassets */; };
		A5ACC66C1A91F971002FCC75 /* LaunchScreen.xib in Resources */ = {isa = PBXBuildFile; fileRef = A5ACC65E1A91F971002FCC75 /* LaunchScreen.xib */; };
/* End PBXBuildFile section */

/* Begin PBXContainerItemProxy section */
		A5ACC6421A91F90B002FCC75 /* PBXContainerItemProxy */ = {
			isa = PBXContainerItemProxy;
			containerPortal = A5ACC6201A91F90B002FCC75 /* Project object */;
			proxyType = 1;
			remoteGlobalIDString = A5ACC6271A91F90B002FCC75;
			remoteInfo = PongV2;
		};
/* End PBXContainerItemProxy section */

/* Begin PBXFileReference section */
		A5ACC6281A91F90B002FCC75 /* PongV2.app */ = {isa = PBXFileReference; explicitFileType = wrapper.application; includeInIndex = 0; path = PongV2.app; sourceTree = BUILT_PRODUCTS_DIR; };
		A5ACC62C1A91F90B002FCC75 /* Info.plist */ = {isa = PBXFileReference; lastKnownFileType = text.plist.xml; path = Info.plist; sourceTree = "<group>"; };
		A5ACC6411A91F90B002FCC75 /* PongV2Tests.xctest */ = {isa = PBXFileReference; explicitFileType = wrapper.cfbundle; includeInIndex = 0; path = PongV2Tests.xctest; sourceTree = BUILT_PRODUCTS_DIR; };
		A5ACC6461A91F90B002FCC75 /* Info.plist */ = {isa = PBXFileReference; lastKnownFileType = text.plist.xml; path = Info.plist; sourceTree = "<group>"; };
		A5ACC6471A91F90B002FCC75 /* PongV2Tests.swift */ = {isa = PBXFileReference; lastKnownFileType = sourcecode.swift; path = PongV2Tests.swift; sourceTree = "<group>"; };
		A5ACC6511A91F971002FCC75 /* AppDelegate.swift */ = {isa = PBXFileReference; fileEncoding = 4; lastKnownFileType = sourcecode.swift; path = AppDelegate.swift; sourceTree = "<group>"; };
		A5ACC6521A91F971002FCC75 /* Ball.swift */ = {isa = PBXFileReference; fileEncoding = 4; lastKnownFileType = sourcecode.swift; path = Ball.swift; sourceTree = "<group>"; };
		A5ACC6531A91F971002FCC75 /* enumDirection.swift */ = {isa = PBXFileReference; fileEncoding = 4; lastKnownFileType = sourcecode.swift; path = enumDirection.swift; sourceTree = "<group>"; };
		A5ACC6541A91F971002FCC75 /* GameScene.swift */ = {isa = PBXFileReference; fileEncoding = 4; lastKnownFileType = sourcecode.swift; path = GameScene.swift; sourceTree = "<group>"; };
		A5ACC6551A91F971002FCC75 /* GameViewController.swift */ = {isa = PBXFileReference; fileEncoding = 4; lastKnownFileType = sourcecode.swift; path = GameViewController.swift; sourceTree = "<group>"; };
		A5ACC6561A91F971002FCC75 /* model.swift */ = {isa = PBXFileReference; fileEncoding = 4; lastKnownFileType = sourcecode.swift; path = model.swift; sourceTree = "<group>"; };
		A5ACC6571A91F971002FCC75 /* Paddle.swift */ = {isa = PBXFileReference; fileEncoding = 4; lastKnownFileType = sourcecode.swift; path = Paddle.swift; sourceTree = "<group>"; };
		A5ACC6581A91F971002FCC75 /* ScoreLabel.swift */ = {isa = PBXFileReference; fileEncoding = 4; lastKnownFileType = sourcecode.swift; path = ScoreLabel.swift; sourceTree = "<group>"; };
		A5ACC6591A91F971002FCC75 /* structPhysicsCategory.swift */ = {isa = PBXFileReference; fileEncoding = 4; lastKnownFileType = sourcecode.swift; path = structPhysicsCategory.swift; sourceTree = "<group>"; };
		A5ACC65A1A91F971002FCC75 /* WallHorizontal.swift */ = {isa = PBXFileReference; fileEncoding = 4; lastKnownFileType = sourcecode.swift; path = WallHorizontal.swift; sourceTree = "<group>"; };
		A5ACC65B1A91F971002FCC75 /* WallVertical.swift */ = {isa = PBXFileReference; fileEncoding = 4; lastKnownFileType = sourcecode.swift; path = WallVertical.swift; sourceTree = "<group>"; };
		A5ACC65C1A91F971002FCC75 /* Main.storyboard */ = {isa = PBXFileReference; fileEncoding = 4; lastKnownFileType = file.storyboard; path = Main.storyboard; sourceTree = "<group>"; };
		A5ACC65D1A91F971002FCC75 /* Images.xcassets */ = {isa = PBXFileReference; lastKnownFileType = folder.assetcatalog; path = Images.xcassets; sourceTree = "<group>"; };
		A5ACC65E1A91F971002FCC75 /* LaunchScreen.xib */ = {isa = PBXFileReference; fileEncoding = 4; lastKnownFileType = file.xib; path = LaunchScreen.xib; sourceTree = "<group>"; };
/* End PBXFileReference section */

/* Begin PBXFrameworksBuildPhase section */
		A5ACC6251A91F90B002FCC75 /* Frameworks */ = {
			isa = PBXFrameworksBuildPhase;
			buildActionMask = 2147483647;
			files = (
			);
			runOnlyForDeploymentPostprocessing = 0;
		};
		A5ACC63E1A91F90B002FCC75 /* Frameworks */ = {
			isa = PBXFrameworksBuildPhase;
			buildActionMask = 2147483647;
			files = (
			);
			runOnlyForDeploymentPostprocessing = 0;
		};
/* End PBXFrameworksBuildPhase section */

/* Begin PBXGroup section */
		A5ACC61F1A91F90B002FCC75 = {
			isa = PBXGroup;
			children = (
				A5ACC62A1A91F90B002FCC75 /* PongV2 */,
				A5ACC6441A91F90B002FCC75 /* PongV2Tests */,
				A5ACC6291A91F90B002FCC75 /* Products */,
			);
			sourceTree = "<group>";
		};
		A5ACC6291A91F90B002FCC75 /* Products */ = {
			isa = PBXGroup;
			children = (
				A5ACC6281A91F90B002FCC75 /* PongV2.app */,
				A5ACC6411A91F90B002FCC75 /* PongV2Tests.xctest */,
			);
			name = Products;
			sourceTree = "<group>";
		};
		A5ACC62A1A91F90B002FCC75 /* PongV2 */ = {
			isa = PBXGroup;
			children = (
				A5ACC6511A91F971002FCC75 /* AppDelegate.swift */,
				A5ACC6521A91F971002FCC75 /* Ball.swift */,
				A5ACC6531A91F971002FCC75 /* enumDirection.swift */,
				A5ACC6541A91F971002FCC75 /* GameScene.swift */,
				A5ACC6551A91F971002FCC75 /* GameViewController.swift */,
				A5ACC6561A91F971002FCC75 /* model.swift */,
				A5ACC6571A91F971002FCC75 /* Paddle.swift */,
				A5ACC6581A91F971002FCC75 /* ScoreLabel.swift */,
				A5ACC6591A91F971002FCC75 /* structPhysicsCategory.swift */,
				A5ACC65A1A91F971002FCC75 /* WallHorizontal.swift */,
				A5ACC65B1A91F971002FCC75 /* WallVertical.swift */,
				A5ACC65C1A91F971002FCC75 /* Main.storyboard */,
				A5ACC65D1A91F971002FCC75 /* Images.xcassets */,
				A5ACC65E1A91F971002FCC75 /* LaunchScreen.xib */,
				A5ACC62B1A91F90B002FCC75 /* Supporting Files */,
			);
			path = PongV2;
			sourceTree = "<group>";
		};
		A5ACC62B1A91F90B002FCC75 /* Supporting Files */ = {
			isa = PBXGroup;
			children = (
				A5ACC62C1A91F90B002FCC75 /* Info.plist */,
			);
			name = "Supporting Files";
			sourceTree = "<group>";
		};
		A5ACC6441A91F90B002FCC75 /* PongV2Tests */ = {
			isa = PBXGroup;
			children = (
				A5ACC6471A91F90B002FCC75 /* PongV2Tests.swift */,
				A5ACC6451A91F90B002FCC75 /* Supporting Files */,
			);
			path = PongV2Tests;
			sourceTree = "<group>";
		};
		A5ACC6451A91F90B002FCC75 /* Supporting Files */ = {
			isa = PBXGroup;
			children = (
				A5ACC6461A91F90B002FCC75 /* Info.plist */,
			);
			name = "Supporting Files";
			sourceTree = "<group>";
		};
/* End PBXGroup section */

/* Begin PBXNativeTarget section */
		A5ACC6271A91F90B002FCC75 /* PongV2 */ = {
			isa = PBXNativeTarget;
			buildConfigurationList = A5ACC64B1A91F90B002FCC75 /* Build configuration list for PBXNativeTarget "PongV2" */;
			buildPhases = (
				A5ACC6241A91F90B002FCC75 /* Sources */,
				A5ACC6251A91F90B002FCC75 /* Frameworks */,
				A5ACC6261A91F90B002FCC75 /* Resources */,
			);
			buildRules = (
			);
			dependencies = (
			);
			name = PongV2;
			productName = PongV2;
			productReference = A5ACC6281A91F90B002FCC75 /* PongV2.app */;
			productType = "com.apple.product-type.application";
		};
		A5ACC6401A91F90B002FCC75 /* PongV2Tests */ = {
			isa = PBXNativeTarget;
			buildConfigurationList = A5ACC64E1A91F90B002FCC75 /* Build configuration list for PBXNativeTarget "PongV2Tests" */;
			buildPhases = (
				A5ACC63D1A91F90B002FCC75 /* Sources */,
				A5ACC63E1A91F90B002FCC75 /* Frameworks */,
				A5ACC63F1A91F90B002FCC75 /* Resources */,
			);
			buildRules = (
			);
			dependencies = (
				A5ACC6431A91F90B002FCC75 /* PBXTargetDependency */,
			);
			name = PongV2Tests;
			productName = PongV2Tests;
			productReference = A5ACC6411A91F90B002FCC75 /* PongV2Tests.xctest */;
			productType = "com.apple.product-type.bundle.unit-test";
		};
/* End PBXNativeTarget section */

/* Begin PBXProject section */
		A5ACC6201A91F90B002FCC75 /* Project object */ = {
			isa = PBXProject;
			attributes = {
				LastUpgradeCheck = 0610;
				ORGANIZATIONNAME = "Jørgen Valstad";
				TargetAttributes = {
					A5ACC6271A91F90B002FCC75 = {
						CreatedOnToolsVersion = 6.1.1;
					};
					A5ACC6401A91F90B002FCC75 = {
						CreatedOnToolsVersion = 6.1.1;
						TestTargetID = A5ACC6271A91F90B002FCC75;
					};
				};
			};
			buildConfigurationList = A5ACC6231A91F90B002FCC75 /* Build configuration list for PBXProject "PongV2" */;
			compatibilityVersion = "Xcode 3.2";
			developmentRegion = English;
			hasScannedForEncodings = 0;
			knownRegions = (
				en,
				Base,
			);
			mainGroup = A5ACC61F1A91F90B002FCC75;
			productRefGroup = A5ACC6291A91F90B002FCC75 /* Products */;
			projectDirPath = "";
			projectRoot = "";
			targets = (
				A5ACC6271A91F90B002FCC75 /* PongV2 */,
				A5ACC6401A91F90B002FCC75 /* PongV2Tests */,
			);
		};
/* End PBXProject section */

/* Begin PBXResourcesBuildPhase section */
		A5ACC6261A91F90B002FCC75 /* Resources */ = {
			isa = PBXResourcesBuildPhase;
			buildActionMask = 2147483647;
			files = (
				A5ACC66A1A91F971002FCC75 /* Main.storyboard in Resources */,
				A5ACC66C1A91F971002FCC75 /* LaunchScreen.xib in Resources */,
				A5ACC66B1A91F971002FCC75 /* Images.xcassets in Resources */,
			);
			runOnlyForDeploymentPostprocessing = 0;
		};
		A5ACC63F1A91F90B002FCC75 /* Resources */ = {
			isa = PBXResourcesBuildPhase;
			buildActionMask = 2147483647;
			files = (
			);
			runOnlyForDeploymentPostprocessing = 0;
		};
/* End PBXResourcesBuildPhase section */

/* Begin PBXSourcesBuildPhase section */
		A5ACC6241A91F90B002FCC75 /* Sources */ = {
			isa = PBXSourcesBuildPhase;
			buildActionMask = 2147483647;
			files = (
				A5ACC6631A91F971002FCC75 /* GameViewController.swift in Sources */,
				A5ACC6641A91F971002FCC75 /* model.swift in Sources */,
				A5ACC6671A91F971002FCC75 /* structPhysicsCategory.swift in Sources */,
				A5ACC6601A91F971002FCC75 /* Ball.swift in Sources */,
				A5ACC65F1A91F971002FCC75 /* AppDelegate.swift in Sources */,
				A5ACC6621A91F971002FCC75 /* GameScene.swift in Sources */,
				A5ACC6691A91F971002FCC75 /* WallVertical.swift in Sources */,
				A5ACC6651A91F971002FCC75 /* Paddle.swift in Sources */,
				A5ACC6681A91F971002FCC75 /* WallHorizontal.swift in Sources */,
				A5ACC6611A91F971002FCC75 /* enumDirection.swift in Sources */,
				A5ACC6661A91F971002FCC75 /* ScoreLabel.swift in Sources */,
			);
			runOnlyForDeploymentPostprocessing = 0;
		};
		A5ACC63D1A91F90B002FCC75 /* Sources */ = {
			isa = PBXSourcesBuildPhase;
			buildActionMask = 2147483647;
			files = (
				A5ACC6481A91F90B002FCC75 /* PongV2Tests.swift in Sources */,
			);
			runOnlyForDeploymentPostprocessing = 0;
		};
/* End PBXSourcesBuildPhase section */

/* Begin PBXTargetDependency section */
		A5ACC6431A91F90B002FCC75 /* PBXTargetDependency */ = {
			isa = PBXTargetDependency;
			target = A5ACC6271A91F90B002FCC75 /* PongV2 */;
			targetProxy = A5ACC6421A91F90B002FCC75 /* PBXContainerItemProxy */;
		};
/* End PBXTargetDependency section */

/* Begin XCBuildConfiguration section */
		A5ACC6491A91F90B002FCC75 /* Debug */ = {
			isa = XCBuildConfiguration;
			buildSettings = {
				ALWAYS_SEARCH_USER_PATHS = NO;
				CLANG_CXX_LANGUAGE_STANDARD = "gnu++0x";
				CLANG_CXX_LIBRARY = "libc++";
				CLANG_ENABLE_MODULES = YES;
				CLANG_ENABLE_OBJC_ARC = YES;
				CLANG_WARN_BOOL_CONVERSION = YES;
				CLANG_WARN_CONSTANT_CONVERSION = YES;
				CLANG_WARN_DIRECT_OBJC_ISA_USAGE = YES_ERROR;
				CLANG_WARN_EMPTY_BODY = YES;
				CLANG_WARN_ENUM_CONVERSION = YES;
				CLANG_WARN_INT_CONVERSION = YES;
				CLANG_WARN_OBJC_ROOT_CLASS = YES_ERROR;
				CLANG_WARN_UNREACHABLE_CODE = YES;
				CLANG_WARN__DUPLICATE_METHOD_MATCH = YES;
				"CODE_SIGN_IDENTITY[sdk=iphoneos*]" = "iPhone Developer";
				COPY_PHASE_STRIP = NO;
				ENABLE_STRICT_OBJC_MSGSEND = YES;
				GCC_C_LANGUAGE_STANDARD = gnu99;
				GCC_DYNAMIC_NO_PIC = NO;
				GCC_OPTIMIZATION_LEVEL = 0;
				GCC_PREPROCESSOR_DEFINITIONS = (
					"DEBUG=1",
					"$(inherited)",
				);
				GCC_SYMBOLS_PRIVATE_EXTERN = NO;
				GCC_WARN_64_TO_32_BIT_CONVERSION = YES;
				GCC_WARN_ABOUT_RETURN_TYPE = YES_ERROR;
				GCC_WARN_UNDECLARED_SELECTOR = YES;
				GCC_WARN_UNINITIALIZED_AUTOS = YES_AGGRESSIVE;
				GCC_WARN_UNUSED_FUNCTION = YES;
				GCC_WARN_UNUSED_VARIABLE = YES;
				IPHONEOS_DEPLOYMENT_TARGET = 8.1;
				MTL_ENABLE_DEBUG_INFO = YES;
				ONLY_ACTIVE_ARCH = YES;
				SDKROOT = iphoneos;
				SWIFT_OPTIMIZATION_LEVEL = "-Onone";
			};
			name = Debug;
		};
		A5ACC64A1A91F90B002FCC75 /* Release */ = {
			isa = XCBuildConfiguration;
			buildSettings = {
				ALWAYS_SEARCH_USER_PATHS = NO;
				CLANG_CXX_LANGUAGE_STANDARD = "gnu++0x";
				CLANG_CXX_LIBRARY = "libc++";
				CLANG_ENABLE_MODULES = YES;
				CLANG_ENABLE_OBJC_ARC = YES;
				CLANG_WARN_BOOL_CONVERSION = YES;
				CLANG_WARN_CONSTANT_CONVERSION = YES;
				CLANG_WARN_DIRECT_OBJC_ISA_USAGE = YES_ERROR;
				CLANG_WARN_EMPTY_BODY = YES;
				CLANG_WARN_ENUM_CONVERSION = YES;
				CLANG_WARN_INT_CONVERSION = YES;
				CLANG_WARN_OBJC_ROOT_CLASS = YES_ERROR;
				CLANG_WARN_UNREACHABLE_CODE = YES;
				CLANG_WARN__DUPLICATE_METHOD_MATCH = YES;
				"CODE_SIGN_IDENTITY[sdk=iphoneos*]" = "iPhone Developer";
				COPY_PHASE_STRIP = YES;
				ENABLE_NS_ASSERTIONS = NO;
				ENABLE_STRICT_OBJC_MSGSEND = YES;
				GCC_C_LANGUAGE_STANDARD = gnu99;
				GCC_WARN_64_TO_32_BIT_CONVERSION = YES;
				GCC_WARN_ABOUT_RETURN_TYPE = YES_ERROR;
				GCC_WARN_UNDECLARED_SELECTOR = YES;
				GCC_WARN_UNINITIALIZED_AUTOS = YES_AGGRESSIVE;
				GCC_WARN_UNUSED_FUNCTION = YES;
				GCC_WARN_UNUSED_VARIABLE = YES;
				IPHONEOS_DEPLOYMENT_TARGET = 8.1;
				MTL_ENABLE_DEBUG_INFO = NO;
				SDKROOT = iphoneos;
				VALIDATE_PRODUCT = YES;
			};
			name = Release;
		};
		A5ACC64C1A91F90B002FCC75 /* Debug */ = {
			isa = XCBuildConfiguration;
			buildSettings = {
				ASSETCATALOG_COMPILER_APPICON_NAME = AppIcon;
				CLANG_ENABLE_MODULES = YES;
				INFOPLIST_FILE = PongV2/Info.plist;
				LD_RUNPATH_SEARCH_PATHS = "$(inherited) @executable_path/Frameworks";
				PRODUCT_NAME = "$(TARGET_NAME)";
				SWIFT_OPTIMIZATION_LEVEL = "-Onone";
			};
			name = Debug;
		};
		A5ACC64D1A91F90B002FCC75 /* Release */ = {
			isa = XCBuildConfiguration;
			buildSettings = {
				ASSETCATALOG_COMPILER_APPICON_NAME = AppIcon;
				CLANG_ENABLE_MODULES = YES;
				INFOPLIST_FILE = PongV2/Info.plist;
				LD_RUNPATH_SEARCH_PATHS = "$(inherited) @executable_path/Frameworks";
				PRODUCT_NAME = "$(TARGET_NAME)";
			};
			name = Release;
		};
		A5ACC64F1A91F90B002FCC75 /* Debug */ = {
			isa = XCBuildConfiguration;
			buildSettings = {
				BUNDLE_LOADER = "$(TEST_HOST)";
				FRAMEWORK_SEARCH_PATHS = (
					"$(SDKROOT)/Developer/Library/Frameworks",
					"$(inherited)",
				);
				GCC_PREPROCESSOR_DEFINITIONS = (
					"DEBUG=1",
					"$(inherited)",
				);
				INFOPLIST_FILE = PongV2Tests/Info.plist;
				LD_RUNPATH_SEARCH_PATHS = "$(inherited) @executable_path/Frameworks @loader_path/Frameworks";
				PRODUCT_NAME = "$(TARGET_NAME)";
				TEST_HOST = "$(BUILT_PRODUCTS_DIR)/PongV2.app/PongV2";
			};
			name = Debug;
		};
		A5ACC6501A91F90B002FCC75 /* Release */ = {
			isa = XCBuildConfiguration;
			buildSettings = {
				BUNDLE_LOADER = "$(TEST_HOST)";
				FRAMEWORK_SEARCH_PATHS = (
					"$(SDKROOT)/Developer/Library/Frameworks",
					"$(inherited)",
				);
				INFOPLIST_FILE = PongV2Tests/Info.plist;
				LD_RUNPATH_SEARCH_PATHS = "$(inherited) @executable_path/Frameworks @loader_path/Frameworks";
				PRODUCT_NAME = "$(TARGET_NAME)";
				TEST_HOST = "$(BUILT_PRODUCTS_DIR)/PongV2.app/PongV2";
			};
			name = Release;
		};
/* End XCBuildConfiguration section */

/* Begin XCConfigurationList section */
		A5ACC6231A91F90B002FCC75 /* Build configuration list for PBXProject "PongV2" */ = {
			isa = XCConfigurationList;
			buildConfigurations = (
				A5ACC6491A91F90B002FCC75 /* Debug */,
				A5ACC64A1A91F90B002FCC75 /* Release */,
			);
			defaultConfigurationIsVisible = 0;
			defaultConfigurationName = Release;
		};
		A5ACC64B1A91F90B002FCC75 /* Build configuration list for PBXNativeTarget "PongV2" */ = {
			isa = XCConfigurationList;
			buildConfigurations = (
				A5ACC64C1A91F90B002FCC75 /* Debug */,
				A5ACC64D1A91F90B002FCC75 /* Release */,
			);
			defaultConfigurationIsVisible = 0;
		};
		A5ACC64E1A91F90B002FCC75 /* Build configuration list for PBXNativeTarget "PongV2Tests" */ = {
			isa = XCConfigurationList;
			buildConfigurations = (
				A5ACC64F1A91F90B002FCC75 /* Debug */,
				A5ACC6501A91F90B002FCC75 /* Release */,
			);
			defaultConfigurationIsVisible = 0;
		};
/* End XCConfigurationList section */
	};
	rootObject = A5ACC6201A91F90B002FCC75 /* Project object */;
}
